# This file was autogenerated by Stack.
# You should not edit this file by hand.
# For more information, please see the documentation at:
#   https://docs.haskellstack.org/en/stable/lock_files

packages:
- completed:
    commit: d7d0da6b5df8045afdfb820ba8d08f34dc4c3e58
    git: https://github.com/btq-ag/galois-field.git
    name: galois-field
    pantry-tree:
      sha256: 0b9cd01ab0ed19b29bc34aed4157dbb05eef1dabb543b349c9720dbc743aca72
      size: 4656
    version: 1.0.4
  original:
    commit: d7d0da6b5df8045afdfb820ba8d08f34dc4c3e58
    git: https://github.com/btq-ag/galois-field.git
- completed:
    commit: 8d8c21b0fd926f57de50f86a3fe7214acf9f38f6
    git: https://github.com/btq-ag/keelung.git
    name: keelung
    pantry-tree:
      sha256: 8ed3477675faaca799f804836b74281c090d0428df89c594ab4479758d73996f
      size: 1877
    version: 0.18.0
  original:
    commit: 8d8c21b0fd926f57de50f86a3fe7214acf9f38f6
    git: https://github.com/btq-ag/keelung.git
- completed:
    commit: 46e3a45c160f4ff53c22f55d04b9f10683efff62
    git: https://github.com/btq-ag/keelung-stdlib.git
    name: keelung-stdlib
    pantry-tree:
      sha256: 2b9b5131bab4c5b6924af0473a2015627f456ab444b1e100a79613e6a53cafcb
      size: 2085
    version: 0.1.0.0
  original:
    commit: 46e3a45c160f4ff53c22f55d04b9f10683efff62
    git: https://github.com/btq-ag/keelung-stdlib.git
snapshots:
- completed:
    sha256: adbc602422dde10cc330175da7de8609e70afc41449a7e2d6e8b1827aa0e5008
    size: 649342
    url: https://raw.githubusercontent.com/commercialhaskell/stackage-snapshots/master/lts/20/11.yaml
  original:
    url: https://raw.githubusercontent.com/commercialhaskell/stackage-snapshots/master/lts/20/11.yaml
