# This file was autogenerated by Stack.
# You should not edit this file by hand.
# For more information, please see the documentation at:
#   https://docs.haskellstack.org/en/stable/lock_files

packages:
- completed:
    commit: d7d0da6b5df8045afdfb820ba8d08f34dc4c3e58
    git: https://github.com/btq-ag/galois-field.git
    name: galois-field
    pantry-tree:
      sha256: 0b9cd01ab0ed19b29bc34aed4157dbb05eef1dabb543b349c9720dbc743aca72
      size: 4656
    version: 1.0.4
  original:
    commit: d7d0da6b5df8045afdfb820ba8d08f34dc4c3e58
    git: https://github.com/btq-ag/galois-field.git
- completed:
    commit: eb4fb3b9072d0fa0323eec5cf1f3909ef2b9bae7
    git: https://github.com/btq-ag/keelung.git
    name: keelung
    pantry-tree:
      sha256: 29d655803f9a0f6139e4bbb66dc31f0eaba47b2f1ce9c90de19b146e46f0f41f
      size: 1877
    version: 0.22.0
  original:
    commit: eb4fb3b9072d0fa0323eec5cf1f3909ef2b9bae7
    git: https://github.com/btq-ag/keelung.git
- completed:
    commit: 332680f84d36d7defa8b4402b634a087d5d81890
    git: https://github.com/btq-ag/keelung-stdlib.git
    name: keelung-stdlib
    pantry-tree:
      sha256: 59ccf60ac187407738b0459114385deaeb1240e3f6d5ad5a61922b451ad289c0
      size: 2338
    version: 0.1.0.0
  original:
    commit: 332680f84d36d7defa8b4402b634a087d5d81890
    git: https://github.com/btq-ag/keelung-stdlib.git
snapshots:
- completed:
    sha256: adbc602422dde10cc330175da7de8609e70afc41449a7e2d6e8b1827aa0e5008
    size: 649342
    url: https://raw.githubusercontent.com/commercialhaskell/stackage-snapshots/master/lts/20/11.yaml
  original:
    url: https://raw.githubusercontent.com/commercialhaskell/stackage-snapshots/master/lts/20/11.yaml
