# This file was autogenerated by Stack.
# You should not edit this file by hand.
# For more information, please see the documentation at:
#   https://docs.haskellstack.org/en/stable/lock_files

packages:
- completed:
    commit: d7d0da6b5df8045afdfb820ba8d08f34dc4c3e58
    git: https://github.com/btq-ag/galois-field.git
    name: galois-field
    pantry-tree:
      sha256: 0b9cd01ab0ed19b29bc34aed4157dbb05eef1dabb543b349c9720dbc743aca72
      size: 4656
    version: 1.0.4
  original:
    commit: d7d0da6b5df8045afdfb820ba8d08f34dc4c3e58
    git: https://github.com/btq-ag/galois-field.git
- completed:
    commit: 415c7ee2de4c4a0cfcd3d302d412176ec900d874
    git: https://github.com/btq-ag/keelung.git
    name: keelung
    pantry-tree:
      sha256: 1cccf3f973e4ffa8a9b4405d446614065e9e01be21a6ed7e3f6cf22e19d592e1
      size: 1626
    version: 0.11.0
  original:
    commit: 415c7ee2de4c4a0cfcd3d302d412176ec900d874
    git: https://github.com/btq-ag/keelung.git
- completed:
    commit: 300eea7b131a6cef5c9b5884b007e39affc82d48
    git: https://github.com/btq-ag/keelung-stdlib.git
    name: keelung-stdlib
    pantry-tree:
      sha256: 6fd05afa94006c397c8f237ef741851f4e971175ebfbc913bdb5e39a3b159730
      size: 1853
    version: 0.1.0.0
  original:
    commit: 300eea7b131a6cef5c9b5884b007e39affc82d48
    git: https://github.com/btq-ag/keelung-stdlib.git
snapshots:
- completed:
    sha256: adbc602422dde10cc330175da7de8609e70afc41449a7e2d6e8b1827aa0e5008
    size: 649342
    url: https://raw.githubusercontent.com/commercialhaskell/stackage-snapshots/master/lts/20/11.yaml
  original:
    url: https://raw.githubusercontent.com/commercialhaskell/stackage-snapshots/master/lts/20/11.yaml
